
Microsoft Visual Studio Solution File, Format Version 12.00
# Visual Studio Version 17
VisualStudioVersion = 17.0.31912.275
MinimumVisualStudioVersion = 10.0.40219.1
Project("{888888A0-9F3D-457C-B088-3A5042F75D52}") = "Wind speed forecasting", "Wind speed forecasting.pyproj", "{41FBEB2C-C884-4240-9FC8-3E731B95CB6E}"
EndProject
Global
	GlobalSection(SolutionConfigurationPlatforms) = preSolution
		Debug|Any CPU = Debug|Any CPU
		Release|Any CPU = Release|Any CPU
	EndGlobalSection
	GlobalSection(ProjectConfigurationPlatforms) = postSolution
		{41FBEB2C-C884-4240-9FC8-3E731B95CB6E}.Debug|Any CPU.ActiveCfg = Debug|Any CPU
		{41FBEB2C-C884-4240-9FC8-3E731B95CB6E}.Release|Any CPU.ActiveCfg = Release|Any CPU
	EndGlobalSection
	GlobalSection(SolutionProperties) = preSolution
		HideSolutionNode = FALSE
	EndGlobalSection
	GlobalSection(ExtensibilityGlobals) = postSolution
		SolutionGuid = {6F6A7996-0B48-40A9-8B91-61A89629FDE1}
	EndGlobalSection
EndGlobal
